{
  "version": 4,
  "terraform_version": "1.15.5",
  "serial": 2,
  "lineage": "45ed727e-cbb8-96d6-0b7b-aa2e27b54eb3",
  "outputs": {
    "vpc_id": {
      "value": "vpc-0ae1b0e1072689124",
      "type": "string"
    }
  },
  "resources": [
    {
      "mode": "managed",
      "type": "aws_vpc",
      "name": "prd_vpc",
      "provider": "provider[\"registry.terraform.io/hashicorp/aws\"]",
      "instances": [
        {
          "schema_version": 1,
          "attributes": {
            "arn": "arn:aws:ec2:ap-south-1:229209687346:vpc/vpc-0ae1b0e1072689124",
            "assign_generated_ipv6_cidr_block": false,
            "cidr_block": "10.0.0.0/16",
            "default_network_acl_id": "acl-070d5165b3cf97040",
            "default_route_table_id": "rtb-0526bd108431e54dc",
            "default_security_group_id": "sg-0f2f694178ba70897",
            "dhcp_options_id": "dopt-0f127ba9ff272f1fb",
            "enable_dns_hostnames": false,
            "enable_dns_support": true,
            "enable_network_address_usage_metrics": false,
            "id": "vpc-0ae1b0e1072689124",
            "instance_tenancy": "default",
            "ipv4_ipam_pool_id": null,
            "ipv4_netmask_length": null,
            "ipv6_association_id": "",
            "ipv6_cidr_block": "",
            "ipv6_cidr_block_network_border_group": "",
            "ipv6_ipam_pool_id": "",
            "ipv6_netmask_length": 0,
            "main_route_table_id": "rtb-0526bd108431e54dc",
            "owner_id": "229209687346",
            "tags": {
              "Name": "prd-vpc"
            },
            "tags_all": {
              "Name": "prd-vpc"
            }
          },
          "sensitive_attributes": [],
          "identity_schema_version": 0,
          "private": "eyJzY2hlbWFfdmVyc2lvbiI6IjEifQ=="
        }
      ]
    }
  ],
  "check_results": null
}
